
Microsoft Visual Studio Solution File, Format Version 12.00
# Visual Studio Version 17
VisualStudioVersion = 17.10.35027.167
MinimumVisualStudioVersion = 10.0.40219.1
Project("{9A19103F-16F7-4668-BE54-9A1E7A4F7556}") = "Application", "Application.csproj", "{23434973-A9EB-464C-AAB4-9C85E629FA06}"
EndProject
Project("{2150E333-8FDC-42A3-9474-1A3956D46DE8}") = "Dal", "Dal", "{6E378A23-95A3-4F2F-82AC-F17C00060ADC}"
EndProject
Project("{2150E333-8FDC-42A3-9474-1A3956D46DE8}") = "Service", "Service", "{35EFCFC9-9F77-4979-91A5-137E8DB7D3D5}"
EndProject
Project("{FAE04EC0-301F-11D3-BF4B-00C04F79EFBC}") = "Service", "..\Service\Service.csproj", "{246CC272-ACC7-46BC-A758-DD65EB98C55D}"
EndProject
Project("{2150E333-8FDC-42A3-9474-1A3956D46DE8}") = "Test", "Test", "{DFF4AC77-55B3-42A5-8B36-71867801F77E}"
EndProject
Project("{FAE04EC0-301F-11D3-BF4B-00C04F79EFBC}") = "Test", "..\Test\Test.csproj", "{DD3AE056-50DE-4047-9CB1-057F9AA11F0A}"
EndProject
Project("{FAE04EC0-301F-11D3-BF4B-00C04F79EFBC}") = "Dal", "..\Dal\Dal.csproj", "{5B069447-050E-401D-9827-8982F86ECE0E}"
EndProject
Project("{2150E333-8FDC-42A3-9474-1A3956D46DE8}") = "Domain", "Domain", "{02827B90-0A56-4EC8-969A-2B63FF3E249B}"
EndProject
Project("{FAE04EC0-301F-11D3-BF4B-00C04F79EFBC}") = "Domain", "..\Domain\Domain.csproj", "{228E5F4F-8623-4E42-A710-3F35E1F57C7B}"
EndProject
Global
	GlobalSection(SolutionConfigurationPlatforms) = preSolution
		Debug|Any CPU = Debug|Any CPU
		Release|Any CPU = Release|Any CPU
	EndGlobalSection
	GlobalSection(ProjectConfigurationPlatforms) = postSolution
		{23434973-A9EB-464C-AAB4-9C85E629FA06}.Debug|Any CPU.ActiveCfg = Debug|Any CPU
		{23434973-A9EB-464C-AAB4-9C85E629FA06}.Debug|Any CPU.Build.0 = Debug|Any CPU
		{23434973-A9EB-464C-AAB4-9C85E629FA06}.Release|Any CPU.ActiveCfg = Release|Any CPU
		{23434973-A9EB-464C-AAB4-9C85E629FA06}.Release|Any CPU.Build.0 = Release|Any CPU
		{246CC272-ACC7-46BC-A758-DD65EB98C55D}.Debug|Any CPU.ActiveCfg = Debug|Any CPU
		{246CC272-ACC7-46BC-A758-DD65EB98C55D}.Debug|Any CPU.Build.0 = Debug|Any CPU
		{246CC272-ACC7-46BC-A758-DD65EB98C55D}.Release|Any CPU.ActiveCfg = Release|Any CPU
		{246CC272-ACC7-46BC-A758-DD65EB98C55D}.Release|Any CPU.Build.0 = Release|Any CPU
		{DD3AE056-50DE-4047-9CB1-057F9AA11F0A}.Debug|Any CPU.ActiveCfg = Debug|Any CPU
		{DD3AE056-50DE-4047-9CB1-057F9AA11F0A}.Debug|Any CPU.Build.0 = Debug|Any CPU
		{DD3AE056-50DE-4047-9CB1-057F9AA11F0A}.Release|Any CPU.ActiveCfg = Release|Any CPU
		{DD3AE056-50DE-4047-9CB1-057F9AA11F0A}.Release|Any CPU.Build.0 = Release|Any CPU
		{5B069447-050E-401D-9827-8982F86ECE0E}.Debug|Any CPU.ActiveCfg = Debug|Any CPU
		{5B069447-050E-401D-9827-8982F86ECE0E}.Debug|Any CPU.Build.0 = Debug|Any CPU
		{5B069447-050E-401D-9827-8982F86ECE0E}.Release|Any CPU.ActiveCfg = Release|Any CPU
		{5B069447-050E-401D-9827-8982F86ECE0E}.Release|Any CPU.Build.0 = Release|Any CPU
		{228E5F4F-8623-4E42-A710-3F35E1F57C7B}.Debug|Any CPU.ActiveCfg = Debug|Any CPU
		{228E5F4F-8623-4E42-A710-3F35E1F57C7B}.Debug|Any CPU.Build.0 = Debug|Any CPU
		{228E5F4F-8623-4E42-A710-3F35E1F57C7B}.Release|Any CPU.ActiveCfg = Release|Any CPU
		{228E5F4F-8623-4E42-A710-3F35E1F57C7B}.Release|Any CPU.Build.0 = Release|Any CPU
	EndGlobalSection
	GlobalSection(SolutionProperties) = preSolution
		HideSolutionNode = FALSE
	EndGlobalSection
	GlobalSection(NestedProjects) = preSolution
		{246CC272-ACC7-46BC-A758-DD65EB98C55D} = {35EFCFC9-9F77-4979-91A5-137E8DB7D3D5}
		{DD3AE056-50DE-4047-9CB1-057F9AA11F0A} = {DFF4AC77-55B3-42A5-8B36-71867801F77E}
		{5B069447-050E-401D-9827-8982F86ECE0E} = {6E378A23-95A3-4F2F-82AC-F17C00060ADC}
		{228E5F4F-8623-4E42-A710-3F35E1F57C7B} = {02827B90-0A56-4EC8-969A-2B63FF3E249B}
	EndGlobalSection
	GlobalSection(ExtensibilityGlobals) = postSolution
		SolutionGuid = {A1191BBE-ECEA-4492-9368-E26137003E05}
	EndGlobalSection
EndGlobal
