
Microsoft Visual Studio Solution File, Format Version 12.00
# Visual Studio Version 17
VisualStudioVersion = 17.10.35027.167
MinimumVisualStudioVersion = 10.0.40219.1
Project("{9A19103F-16F7-4668-BE54-9A1E7A4F7556}") = "Application", "Application.csproj", "{23434973-A9EB-464C-AAB4-9C85E629FA06}"
EndProject
Project("{2150E333-8FDC-42A3-9474-1A3956D46DE8}") = "DAL", "DAL", "{6E378A23-95A3-4F2F-82AC-F17C00060ADC}"
EndProject
Project("{FAE04EC0-301F-11D3-BF4B-00C04F79EFBC}") = "Dal", "..\Dal\Dal.csproj", "{67B52599-78D9-4036-8D7A-D9B5E93F683F}"
EndProject
Global
	GlobalSection(SolutionConfigurationPlatforms) = preSolution
		Debug|Any CPU = Debug|Any CPU
		Release|Any CPU = Release|Any CPU
	EndGlobalSection
	GlobalSection(ProjectConfigurationPlatforms) = postSolution
		{23434973-A9EB-464C-AAB4-9C85E629FA06}.Debug|Any CPU.ActiveCfg = Debug|Any CPU
		{23434973-A9EB-464C-AAB4-9C85E629FA06}.Debug|Any CPU.Build.0 = Debug|Any CPU
		{23434973-A9EB-464C-AAB4-9C85E629FA06}.Release|Any CPU.ActiveCfg = Release|Any CPU
		{23434973-A9EB-464C-AAB4-9C85E629FA06}.Release|Any CPU.Build.0 = Release|Any CPU
		{67B52599-78D9-4036-8D7A-D9B5E93F683F}.Debug|Any CPU.ActiveCfg = Debug|Any CPU
		{67B52599-78D9-4036-8D7A-D9B5E93F683F}.Debug|Any CPU.Build.0 = Debug|Any CPU
		{67B52599-78D9-4036-8D7A-D9B5E93F683F}.Release|Any CPU.ActiveCfg = Release|Any CPU
		{67B52599-78D9-4036-8D7A-D9B5E93F683F}.Release|Any CPU.Build.0 = Release|Any CPU
	EndGlobalSection
	GlobalSection(SolutionProperties) = preSolution
		HideSolutionNode = FALSE
	EndGlobalSection
	GlobalSection(NestedProjects) = preSolution
		{67B52599-78D9-4036-8D7A-D9B5E93F683F} = {6E378A23-95A3-4F2F-82AC-F17C00060ADC}
	EndGlobalSection
	GlobalSection(ExtensibilityGlobals) = postSolution
		SolutionGuid = {A1191BBE-ECEA-4492-9368-E26137003E05}
	EndGlobalSection
EndGlobal
